
Microsoft Visual Studio Solution File, Format Version 12.00
# Visual Studio Version 16
VisualStudioVersion = 16.0.29424.173
MinimumVisualStudioVersion = 15.0.26124.0
Project("{2150E333-8FDC-42A3-9474-1A3956D46DE8}") = "src", "src", "{5FEA2D08-FBD5-4F53-8175-1E9D562579BC}"
EndProject
Project("{9A19103F-16F7-4668-BE54-9A1E7A4F7556}") = "ITLab.Identity.Admin", "src\ITLab.Identity.Admin\ITLab.Identity.Admin.csproj", "{FC243898-DA93-4EA0-9929-92692BA0BFA1}"
EndProject
Project("{9A19103F-16F7-4668-BE54-9A1E7A4F7556}") = "ITLab.Identity.STS.Identity", "src\ITLab.Identity.STS.Identity\ITLab.Identity.STS.Identity.csproj", "{76CB27A4-221A-403E-94FC-02A60843CB8E}"
EndProject
Project("{9A19103F-16F7-4668-BE54-9A1E7A4F7556}") = "ITLab.Identity.Admin.Api", "src\ITLab.Identity.Admin.Api\ITLab.Identity.Admin.Api.csproj", "{6B88608D-A6EE-47D5-8442-F3C82C5D279C}"
EndProject
Project("{9A19103F-16F7-4668-BE54-9A1E7A4F7556}") = "ITLab.Identity.Admin.EntityFramework.Shared", "src\ITLab.Identity.Admin.EntityFramework.Shared\ITLab.Identity.Admin.EntityFramework.Shared.csproj", "{ECE4E76C-6FF1-46FB-9543-086A8C12C711}"
EndProject
Project("{9A19103F-16F7-4668-BE54-9A1E7A4F7556}") = "ITLab.Identity.Admin.EntityFramework.MySql", "src\ITLab.Identity.Admin.EntityFramework.MySql\ITLab.Identity.Admin.EntityFramework.MySql.csproj", "{9BF94119-48DD-42C8-AB8F-5C2E396A25F3}"
EndProject
Project("{9A19103F-16F7-4668-BE54-9A1E7A4F7556}") = "ITLab.Identity.Admin.EntityFramework.PostgreSQL", "src\ITLab.Identity.Admin.EntityFramework.PostgreSQL\ITLab.Identity.Admin.EntityFramework.PostgreSQL.csproj", "{8B54EC26-7F23-4BD5-8BD2-ACC47873CE5B}"
EndProject
Project("{9A19103F-16F7-4668-BE54-9A1E7A4F7556}") = "ITLab.Identity.Admin.EntityFramework.SqlServer", "src\ITLab.Identity.Admin.EntityFramework.SqlServer\ITLab.Identity.Admin.EntityFramework.SqlServer.csproj", "{BA809D05-5DFC-4539-B7E7-0DC14F3D2286}"
EndProject
Project("{2150E333-8FDC-42A3-9474-1A3956D46DE8}") = "Solution Items", "Solution Items", "{9FF8A949-454D-434E-A7F4-99F7C82A7F16}"
	ProjectSection(SolutionItems) = preProject
		nuget.config = nuget.config
	EndProjectSection
EndProject
Project("{9A19103F-16F7-4668-BE54-9A1E7A4F7556}") = "_build", "build\_build.csproj", "{4E29992C-4322-445D-BF8A-58032F6FFBA7}"
EndProject
Global
	GlobalSection(SolutionConfigurationPlatforms) = preSolution
		Debug|Any CPU = Debug|Any CPU
		Debug|x64 = Debug|x64
		Debug|x86 = Debug|x86
		Release|Any CPU = Release|Any CPU
		Release|x64 = Release|x64
		Release|x86 = Release|x86
	EndGlobalSection
	GlobalSection(ProjectConfigurationPlatforms) = postSolution
		{4E29992C-4322-445D-BF8A-58032F6FFBA7}.Debug|Any CPU.ActiveCfg = Debug|Any CPU
		{4E29992C-4322-445D-BF8A-58032F6FFBA7}.Release|Any CPU.ActiveCfg = Release|Any CPU
		{F817047F-018D-4F93-BDA5-58602073B634}.Debug|Any CPU.ActiveCfg = Debug|Any CPU
		{F817047F-018D-4F93-BDA5-58602073B634}.Debug|Any CPU.Build.0 = Debug|Any CPU
		{F817047F-018D-4F93-BDA5-58602073B634}.Debug|x64.ActiveCfg = Debug|Any CPU
		{F817047F-018D-4F93-BDA5-58602073B634}.Debug|x64.Build.0 = Debug|Any CPU
		{F817047F-018D-4F93-BDA5-58602073B634}.Debug|x86.ActiveCfg = Debug|Any CPU
		{F817047F-018D-4F93-BDA5-58602073B634}.Debug|x86.Build.0 = Debug|Any CPU
		{F817047F-018D-4F93-BDA5-58602073B634}.Release|Any CPU.ActiveCfg = Release|Any CPU
		{F817047F-018D-4F93-BDA5-58602073B634}.Release|Any CPU.Build.0 = Release|Any CPU
		{F817047F-018D-4F93-BDA5-58602073B634}.Release|x64.ActiveCfg = Release|Any CPU
		{F817047F-018D-4F93-BDA5-58602073B634}.Release|x64.Build.0 = Release|Any CPU
		{F817047F-018D-4F93-BDA5-58602073B634}.Release|x86.ActiveCfg = Release|Any CPU
		{F817047F-018D-4F93-BDA5-58602073B634}.Release|x86.Build.0 = Release|Any CPU
		{FC243898-DA93-4EA0-9929-92692BA0BFA1}.Debug|Any CPU.ActiveCfg = Debug|Any CPU
		{FC243898-DA93-4EA0-9929-92692BA0BFA1}.Debug|Any CPU.Build.0 = Debug|Any CPU
		{FC243898-DA93-4EA0-9929-92692BA0BFA1}.Debug|x64.ActiveCfg = Debug|Any CPU
		{FC243898-DA93-4EA0-9929-92692BA0BFA1}.Debug|x64.Build.0 = Debug|Any CPU
		{FC243898-DA93-4EA0-9929-92692BA0BFA1}.Debug|x86.ActiveCfg = Debug|Any CPU
		{FC243898-DA93-4EA0-9929-92692BA0BFA1}.Debug|x86.Build.0 = Debug|Any CPU
		{FC243898-DA93-4EA0-9929-92692BA0BFA1}.Release|Any CPU.ActiveCfg = Release|Any CPU
		{FC243898-DA93-4EA0-9929-92692BA0BFA1}.Release|Any CPU.Build.0 = Release|Any CPU
		{FC243898-DA93-4EA0-9929-92692BA0BFA1}.Release|x64.ActiveCfg = Release|Any CPU
		{FC243898-DA93-4EA0-9929-92692BA0BFA1}.Release|x64.Build.0 = Release|Any CPU
		{FC243898-DA93-4EA0-9929-92692BA0BFA1}.Release|x86.ActiveCfg = Release|Any CPU
		{FC243898-DA93-4EA0-9929-92692BA0BFA1}.Release|x86.Build.0 = Release|Any CPU
		{76CB27A4-221A-403E-94FC-02A60843CB8E}.Debug|Any CPU.ActiveCfg = Debug|Any CPU
		{76CB27A4-221A-403E-94FC-02A60843CB8E}.Debug|Any CPU.Build.0 = Debug|Any CPU
		{76CB27A4-221A-403E-94FC-02A60843CB8E}.Debug|x64.ActiveCfg = Debug|Any CPU
		{76CB27A4-221A-403E-94FC-02A60843CB8E}.Debug|x64.Build.0 = Debug|Any CPU
		{76CB27A4-221A-403E-94FC-02A60843CB8E}.Debug|x86.ActiveCfg = Debug|Any CPU
		{76CB27A4-221A-403E-94FC-02A60843CB8E}.Debug|x86.Build.0 = Debug|Any CPU
		{76CB27A4-221A-403E-94FC-02A60843CB8E}.Release|Any CPU.ActiveCfg = Release|Any CPU
		{76CB27A4-221A-403E-94FC-02A60843CB8E}.Release|Any CPU.Build.0 = Release|Any CPU
		{76CB27A4-221A-403E-94FC-02A60843CB8E}.Release|x64.ActiveCfg = Release|Any CPU
		{76CB27A4-221A-403E-94FC-02A60843CB8E}.Release|x64.Build.0 = Release|Any CPU
		{76CB27A4-221A-403E-94FC-02A60843CB8E}.Release|x86.ActiveCfg = Release|Any CPU
		{76CB27A4-221A-403E-94FC-02A60843CB8E}.Release|x86.Build.0 = Release|Any CPU
		{6B88608D-A6EE-47D5-8442-F3C82C5D279C}.Debug|Any CPU.ActiveCfg = Debug|Any CPU
		{6B88608D-A6EE-47D5-8442-F3C82C5D279C}.Debug|Any CPU.Build.0 = Debug|Any CPU
		{6B88608D-A6EE-47D5-8442-F3C82C5D279C}.Debug|x64.ActiveCfg = Debug|Any CPU
		{6B88608D-A6EE-47D5-8442-F3C82C5D279C}.Debug|x64.Build.0 = Debug|Any CPU
		{6B88608D-A6EE-47D5-8442-F3C82C5D279C}.Debug|x86.ActiveCfg = Debug|Any CPU
		{6B88608D-A6EE-47D5-8442-F3C82C5D279C}.Debug|x86.Build.0 = Debug|Any CPU
		{6B88608D-A6EE-47D5-8442-F3C82C5D279C}.Release|Any CPU.ActiveCfg = Release|Any CPU
		{6B88608D-A6EE-47D5-8442-F3C82C5D279C}.Release|Any CPU.Build.0 = Release|Any CPU
		{6B88608D-A6EE-47D5-8442-F3C82C5D279C}.Release|x64.ActiveCfg = Release|Any CPU
		{6B88608D-A6EE-47D5-8442-F3C82C5D279C}.Release|x64.Build.0 = Release|Any CPU
		{6B88608D-A6EE-47D5-8442-F3C82C5D279C}.Release|x86.ActiveCfg = Release|Any CPU
		{6B88608D-A6EE-47D5-8442-F3C82C5D279C}.Release|x86.Build.0 = Release|Any CPU
		{ECE4E76C-6FF1-46FB-9543-086A8C12C711}.Debug|Any CPU.ActiveCfg = Debug|Any CPU
		{ECE4E76C-6FF1-46FB-9543-086A8C12C711}.Debug|Any CPU.Build.0 = Debug|Any CPU
		{ECE4E76C-6FF1-46FB-9543-086A8C12C711}.Debug|x64.ActiveCfg = Debug|Any CPU
		{ECE4E76C-6FF1-46FB-9543-086A8C12C711}.Debug|x64.Build.0 = Debug|Any CPU
		{ECE4E76C-6FF1-46FB-9543-086A8C12C711}.Debug|x86.ActiveCfg = Debug|Any CPU
		{ECE4E76C-6FF1-46FB-9543-086A8C12C711}.Debug|x86.Build.0 = Debug|Any CPU
		{ECE4E76C-6FF1-46FB-9543-086A8C12C711}.Release|Any CPU.ActiveCfg = Release|Any CPU
		{ECE4E76C-6FF1-46FB-9543-086A8C12C711}.Release|Any CPU.Build.0 = Release|Any CPU
		{ECE4E76C-6FF1-46FB-9543-086A8C12C711}.Release|x64.ActiveCfg = Release|Any CPU
		{ECE4E76C-6FF1-46FB-9543-086A8C12C711}.Release|x64.Build.0 = Release|Any CPU
		{ECE4E76C-6FF1-46FB-9543-086A8C12C711}.Release|x86.ActiveCfg = Release|Any CPU
		{ECE4E76C-6FF1-46FB-9543-086A8C12C711}.Release|x86.Build.0 = Release|Any CPU
		{9BF94119-48DD-42C8-AB8F-5C2E396A25F3}.Debug|Any CPU.ActiveCfg = Debug|Any CPU
		{9BF94119-48DD-42C8-AB8F-5C2E396A25F3}.Debug|Any CPU.Build.0 = Debug|Any CPU
		{9BF94119-48DD-42C8-AB8F-5C2E396A25F3}.Debug|x64.ActiveCfg = Debug|Any CPU
		{9BF94119-48DD-42C8-AB8F-5C2E396A25F3}.Debug|x64.Build.0 = Debug|Any CPU
		{9BF94119-48DD-42C8-AB8F-5C2E396A25F3}.Debug|x86.ActiveCfg = Debug|Any CPU
		{9BF94119-48DD-42C8-AB8F-5C2E396A25F3}.Debug|x86.Build.0 = Debug|Any CPU
		{9BF94119-48DD-42C8-AB8F-5C2E396A25F3}.Release|Any CPU.ActiveCfg = Release|Any CPU
		{9BF94119-48DD-42C8-AB8F-5C2E396A25F3}.Release|Any CPU.Build.0 = Release|Any CPU
		{9BF94119-48DD-42C8-AB8F-5C2E396A25F3}.Release|x64.ActiveCfg = Release|Any CPU
		{9BF94119-48DD-42C8-AB8F-5C2E396A25F3}.Release|x64.Build.0 = Release|Any CPU
		{9BF94119-48DD-42C8-AB8F-5C2E396A25F3}.Release|x86.ActiveCfg = Release|Any CPU
		{9BF94119-48DD-42C8-AB8F-5C2E396A25F3}.Release|x86.Build.0 = Release|Any CPU
		{8B54EC26-7F23-4BD5-8BD2-ACC47873CE5B}.Debug|Any CPU.ActiveCfg = Debug|Any CPU
		{8B54EC26-7F23-4BD5-8BD2-ACC47873CE5B}.Debug|Any CPU.Build.0 = Debug|Any CPU
		{8B54EC26-7F23-4BD5-8BD2-ACC47873CE5B}.Debug|x64.ActiveCfg = Debug|Any CPU
		{8B54EC26-7F23-4BD5-8BD2-ACC47873CE5B}.Debug|x64.Build.0 = Debug|Any CPU
		{8B54EC26-7F23-4BD5-8BD2-ACC47873CE5B}.Debug|x86.ActiveCfg = Debug|Any CPU
		{8B54EC26-7F23-4BD5-8BD2-ACC47873CE5B}.Debug|x86.Build.0 = Debug|Any CPU
		{8B54EC26-7F23-4BD5-8BD2-ACC47873CE5B}.Release|Any CPU.ActiveCfg = Release|Any CPU
		{8B54EC26-7F23-4BD5-8BD2-ACC47873CE5B}.Release|Any CPU.Build.0 = Release|Any CPU
		{8B54EC26-7F23-4BD5-8BD2-ACC47873CE5B}.Release|x64.ActiveCfg = Release|Any CPU
		{8B54EC26-7F23-4BD5-8BD2-ACC47873CE5B}.Release|x64.Build.0 = Release|Any CPU
		{8B54EC26-7F23-4BD5-8BD2-ACC47873CE5B}.Release|x86.ActiveCfg = Release|Any CPU
		{8B54EC26-7F23-4BD5-8BD2-ACC47873CE5B}.Release|x86.Build.0 = Release|Any CPU
		{BA809D05-5DFC-4539-B7E7-0DC14F3D2286}.Debug|Any CPU.ActiveCfg = Debug|Any CPU
		{BA809D05-5DFC-4539-B7E7-0DC14F3D2286}.Debug|Any CPU.Build.0 = Debug|Any CPU
		{BA809D05-5DFC-4539-B7E7-0DC14F3D2286}.Debug|x64.ActiveCfg = Debug|Any CPU
		{BA809D05-5DFC-4539-B7E7-0DC14F3D2286}.Debug|x64.Build.0 = Debug|Any CPU
		{BA809D05-5DFC-4539-B7E7-0DC14F3D2286}.Debug|x86.ActiveCfg = Debug|Any CPU
		{BA809D05-5DFC-4539-B7E7-0DC14F3D2286}.Debug|x86.Build.0 = Debug|Any CPU
		{BA809D05-5DFC-4539-B7E7-0DC14F3D2286}.Release|Any CPU.ActiveCfg = Release|Any CPU
		{BA809D05-5DFC-4539-B7E7-0DC14F3D2286}.Release|Any CPU.Build.0 = Release|Any CPU
		{BA809D05-5DFC-4539-B7E7-0DC14F3D2286}.Release|x64.ActiveCfg = Release|Any CPU
		{BA809D05-5DFC-4539-B7E7-0DC14F3D2286}.Release|x64.Build.0 = Release|Any CPU
		{BA809D05-5DFC-4539-B7E7-0DC14F3D2286}.Release|x86.ActiveCfg = Release|Any CPU
		{BA809D05-5DFC-4539-B7E7-0DC14F3D2286}.Release|x86.Build.0 = Release|Any CPU
	EndGlobalSection
	GlobalSection(SolutionProperties) = preSolution
		HideSolutionNode = FALSE
	EndGlobalSection
	GlobalSection(NestedProjects) = preSolution
		{FC243898-DA93-4EA0-9929-92692BA0BFA1} = {5FEA2D08-FBD5-4F53-8175-1E9D562579BC}
		{76CB27A4-221A-403E-94FC-02A60843CB8E} = {5FEA2D08-FBD5-4F53-8175-1E9D562579BC}
		{6B88608D-A6EE-47D5-8442-F3C82C5D279C} = {5FEA2D08-FBD5-4F53-8175-1E9D562579BC}
		{ECE4E76C-6FF1-46FB-9543-086A8C12C711} = {5FEA2D08-FBD5-4F53-8175-1E9D562579BC}
		{9BF94119-48DD-42C8-AB8F-5C2E396A25F3} = {5FEA2D08-FBD5-4F53-8175-1E9D562579BC}
		{8B54EC26-7F23-4BD5-8BD2-ACC47873CE5B} = {5FEA2D08-FBD5-4F53-8175-1E9D562579BC}
		{BA809D05-5DFC-4539-B7E7-0DC14F3D2286} = {5FEA2D08-FBD5-4F53-8175-1E9D562579BC}
	EndGlobalSection
	GlobalSection(ExtensibilityGlobals) = postSolution
		SolutionGuid = {549F6BA2-7BF0-4104-9088-47D242078F31}
	EndGlobalSection
EndGlobal
